// !$*UTF8*$!
{
	archiveVersion = 1;
	classes = {
	};
	objectVersion = 50;
	objects = {

/* Begin PBXBuildFile section */
		1776DFB4237DD26B003171B1 /* StockAPIService.swift in Sources */ = {isa = PBXBuildFile; fileRef = 1776DFB3237DD26B003171B1 /* StockAPIService.swift */; };
		1776DFB6237EDE82003171B1 /* StockDetailViewController.swift in Sources */ = {isa = PBXBuildFile; fileRef = 1776DFB5237EDE82003171B1 /* StockDetailViewController.swift */; };
		1776DFB8237EEC5F003171B1 /* StockDetailPriceView.swift in Sources */ = {isa = PBXBuildFile; fileRef = 1776DFB7237EEC5F003171B1 /* StockDetailPriceView.swift */; };
		1776DFBA237EF5BB003171B1 /* StockDetailPairedLabelView.swift in Sources */ = {isa = PBXBuildFile; fileRef = 1776DFB9237EF5BB003171B1 /* StockDetailPairedLabelView.swift */; };
		1776DFBC237F12E9003171B1 /* DynamicStubs.swift in Sources */ = {isa = PBXBuildFile; fileRef = 1776DFBB237F12E9003171B1 /* DynamicStubs.swift */; };
		17A0897D237C887A00D3D549 /* AppDelegate.swift in Sources */ = {isa = PBXBuildFile; fileRef = 17A0897C237C887A00D3D549 /* AppDelegate.swift */; };
		17A0897F237C887A00D3D549 /* SceneDelegate.swift in Sources */ = {isa = PBXBuildFile; fileRef = 17A0897E237C887A00D3D549 /* SceneDelegate.swift */; };
		17A08981237C887A00D3D549 /* ViewController.swift in Sources */ = {isa = PBXBuildFile; fileRef = 17A08980237C887A00D3D549 /* ViewController.swift */; };
		17A08986237C887B00D3D549 /* Assets.xcassets in Resources */ = {isa = PBXBuildFile; fileRef = 17A08985237C887B00D3D549 /* Assets.xcassets */; };
		17A08989237C887B00D3D549 /* LaunchScreen.storyboard in Resources */ = {isa = PBXBuildFile; fileRef = 17A08987237C887B00D3D549 /* LaunchScreen.storyboard */; };
		17A0899F237C887C00D3D549 /* StockQuoteUITests.swift in Sources */ = {isa = PBXBuildFile; fileRef = 17A0899E237C887C00D3D549 /* StockQuoteUITests.swift */; };
		17A089B4237C8F8F00D3D549 /* StockTests.swift in Sources */ = {isa = PBXBuildFile; fileRef = 17A089B3237C8F8F00D3D549 /* StockTests.swift */; };
		17A089BA237C8FDE00D3D549 /* Stock.swift in Sources */ = {isa = PBXBuildFile; fileRef = 17A089B9237C8FDE00D3D549 /* Stock.swift */; };
		17A089BE237D60DA00D3D549 /* StockListTableViewController.swift in Sources */ = {isa = PBXBuildFile; fileRef = 17A089BD237D60DA00D3D549 /* StockListTableViewController.swift */; };
		17A089C3237D613F00D3D549 /* StockListTableViewControllerTests.swift in Sources */ = {isa = PBXBuildFile; fileRef = 17A089C2237D613F00D3D549 /* StockListTableViewControllerTests.swift */; };
		17A089C5237D6C2700D3D549 /* StockListTableViewCell.swift in Sources */ = {isa = PBXBuildFile; fileRef = 17A089C4237D6C2700D3D549 /* StockListTableViewCell.swift */; };
		17A089C8237D751800D3D549 /* StockListTableViewCellTests.swift in Sources */ = {isa = PBXBuildFile; fileRef = 17A089C7237D751800D3D549 /* StockListTableViewCellTests.swift */; };
		17A089CC237D7D0300D3D549 /* UIViewAnchor.swift in Sources */ = {isa = PBXBuildFile; fileRef = 17A089CB237D7D0300D3D549 /* UIViewAnchor.swift */; };
		17A089CF237D7D9800D3D549 /* UIViewAnchorTests.swift in Sources */ = {isa = PBXBuildFile; fileRef = 17A089CE237D7D9800D3D549 /* UIViewAnchorTests.swift */; };
		98295DC5FD9C95DD5B690709 /* Pods_StockQuote.framework in Frameworks */ = {isa = PBXBuildFile; fileRef = 60A507BE1B94D854788B3732 /* Pods_StockQuote.framework */; };
		9EFB6925383838A859557B7E /* libPods-StockQuoteUITests.a in Frameworks */ = {isa = PBXBuildFile; fileRef = FF581B7E799B7B7C78B7639E /* libPods-StockQuoteUITests.a */; };
		CB4B8CAA73393CCD9FD149BF /* libPods-StockQuoteTests.a in Frameworks */ = {isa = PBXBuildFile; fileRef = CA5F4356377B93131ED03507 /* libPods-StockQuoteTests.a */; };
/* End PBXBuildFile section */

/* Begin PBXContainerItemProxy section */
		17A08990237C887C00D3D549 /* PBXContainerItemProxy */ = {
			isa = PBXContainerItemProxy;
			containerPortal = 17A08971237C887A00D3D549 /* Project object */;
			proxyType = 1;
			remoteGlobalIDString = 17A08978237C887A00D3D549;
			remoteInfo = StockQuote;
		};
		17A0899B237C887C00D3D549 /* PBXContainerItemProxy */ = {
			isa = PBXContainerItemProxy;
			containerPortal = 17A08971237C887A00D3D549 /* Project object */;
			proxyType = 1;
			remoteGlobalIDString = 17A08978237C887A00D3D549;
			remoteInfo = StockQuote;
		};
/* End PBXContainerItemProxy section */

/* Begin PBXFileReference section */
		1776DFB3237DD26B003171B1 /* StockAPIService.swift */ = {isa = PBXFileReference; lastKnownFileType = sourcecode.swift; path = StockAPIService.swift; sourceTree = "<group>"; };
		1776DFB5237EDE82003171B1 /* StockDetailViewController.swift */ = {isa = PBXFileReference; lastKnownFileType = sourcecode.swift; path = StockDetailViewController.swift; sourceTree = "<group>"; };
		1776DFB7237EEC5F003171B1 /* StockDetailPriceView.swift */ = {isa = PBXFileReference; lastKnownFileType = sourcecode.swift; path = StockDetailPriceView.swift; sourceTree = "<group>"; };
		1776DFB9237EF5BB003171B1 /* StockDetailPairedLabelView.swift */ = {isa = PBXFileReference; lastKnownFileType = sourcecode.swift; path = StockDetailPairedLabelView.swift; sourceTree = "<group>"; };
		1776DFBB237F12E9003171B1 /* DynamicStubs.swift */ = {isa = PBXFileReference; lastKnownFileType = sourcecode.swift; path = DynamicStubs.swift; sourceTree = "<group>"; };
		17A08979237C887A00D3D549 /* StockQuote.app */ = {isa = PBXFileReference; explicitFileType = wrapper.application; includeInIndex = 0; path = StockQuote.app; sourceTree = BUILT_PRODUCTS_DIR; };
		17A0897C237C887A00D3D549 /* AppDelegate.swift */ = {isa = PBXFileReference; lastKnownFileType = sourcecode.swift; path = AppDelegate.swift; sourceTree = "<group>"; };
		17A0897E237C887A00D3D549 /* SceneDelegate.swift */ = {isa = PBXFileReference; lastKnownFileType = sourcecode.swift; path = SceneDelegate.swift; sourceTree = "<group>"; };
		17A08980237C887A00D3D549 /* ViewController.swift */ = {isa = PBXFileReference; lastKnownFileType = sourcecode.swift; path = ViewController.swift; sourceTree = "<group>"; };
		17A08985237C887B00D3D549 /* Assets.xcassets */ = {isa = PBXFileReference; lastKnownFileType = folder.assetcatalog; path = Assets.xcassets; sourceTree = "<group>"; };
		17A08988237C887B00D3D549 /* Base */ = {isa = PBXFileReference; lastKnownFileType = file.storyboard; name = Base; path = Base.lproj/LaunchScreen.storyboard; sourceTree = "<group>"; };
		17A0898A237C887B00D3D549 /* Info.plist */ = {isa = PBXFileReference; lastKnownFileType = text.plist.xml; path = Info.plist; sourceTree = "<group>"; };
		17A0898F237C887C00D3D549 /* StockQuoteTests.xctest */ = {isa = PBXFileReference; explicitFileType = wrapper.cfbundle; includeInIndex = 0; path = StockQuoteTests.xctest; sourceTree = BUILT_PRODUCTS_DIR; };
		17A08995237C887C00D3D549 /* Info.plist */ = {isa = PBXFileReference; lastKnownFileType = text.plist.xml; path = Info.plist; sourceTree = "<group>"; };
		17A0899A237C887C00D3D549 /* StockQuoteUITests.xctest */ = {isa = PBXFileReference; explicitFileType = wrapper.cfbundle; includeInIndex = 0; path = StockQuoteUITests.xctest; sourceTree = BUILT_PRODUCTS_DIR; };
		17A0899E237C887C00D3D549 /* StockQuoteUITests.swift */ = {isa = PBXFileReference; lastKnownFileType = sourcecode.swift; path = StockQuoteUITests.swift; sourceTree = "<group>"; };
		17A089A0237C887C00D3D549 /* Info.plist */ = {isa = PBXFileReference; lastKnownFileType = text.plist.xml; path = Info.plist; sourceTree = "<group>"; };
		17A089B3237C8F8F00D3D549 /* StockTests.swift */ = {isa = PBXFileReference; lastKnownFileType = sourcecode.swift; path = StockTests.swift; sourceTree = "<group>"; };
		17A089B9237C8FDE00D3D549 /* Stock.swift */ = {isa = PBXFileReference; lastKnownFileType = sourcecode.swift; path = Stock.swift; sourceTree = "<group>"; };
		17A089BD237D60DA00D3D549 /* StockListTableViewController.swift */ = {isa = PBXFileReference; lastKnownFileType = sourcecode.swift; path = StockListTableViewController.swift; sourceTree = "<group>"; };
		17A089C2237D613F00D3D549 /* StockListTableViewControllerTests.swift */ = {isa = PBXFileReference; lastKnownFileType = sourcecode.swift; path = StockListTableViewControllerTests.swift; sourceTree = "<group>"; };
		17A089C4237D6C2700D3D549 /* StockListTableViewCell.swift */ = {isa = PBXFileReference; lastKnownFileType = sourcecode.swift; path = StockListTableViewCell.swift; sourceTree = "<group>"; };
		17A089C7237D751800D3D549 /* StockListTableViewCellTests.swift */ = {isa = PBXFileReference; lastKnownFileType = sourcecode.swift; path = StockListTableViewCellTests.swift; sourceTree = "<group>"; };
		17A089CB237D7D0300D3D549 /* UIViewAnchor.swift */ = {isa = PBXFileReference; fileEncoding = 4; lastKnownFileType = sourcecode.swift; path = UIViewAnchor.swift; sourceTree = "<group>"; };
		17A089CE237D7D9800D3D549 /* UIViewAnchorTests.swift */ = {isa = PBXFileReference; lastKnownFileType = sourcecode.swift; path = UIViewAnchorTests.swift; sourceTree = "<group>"; };
		34C51B6CDC341E95ED866019 /* Pods-StockQuoteUITests.debug.xcconfig */ = {isa = PBXFileReference; includeInIndex = 1; lastKnownFileType = text.xcconfig; name = "Pods-StockQuoteUITests.debug.xcconfig"; path = "Pods/Target Support Files/Pods-StockQuoteUITests/Pods-StockQuoteUITests.debug.xcconfig"; sourceTree = "<group>"; };
		38C40E29DA694FAAF685EB19 /* Pods-StockQuoteTests.debug.xcconfig */ = {isa = PBXFileReference; includeInIndex = 1; lastKnownFileType = text.xcconfig; name = "Pods-StockQuoteTests.debug.xcconfig"; path = "Pods/Target Support Files/Pods-StockQuoteTests/Pods-StockQuoteTests.debug.xcconfig"; sourceTree = "<group>"; };
		60A507BE1B94D854788B3732 /* Pods_StockQuote.framework */ = {isa = PBXFileReference; explicitFileType = wrapper.framework; includeInIndex = 0; path = Pods_StockQuote.framework; sourceTree = BUILT_PRODUCTS_DIR; };
		71283AB6DAAE9D543AD529FA /* Pods-StockQuote.debug.xcconfig */ = {isa = PBXFileReference; includeInIndex = 1; lastKnownFileType = text.xcconfig; name = "Pods-StockQuote.debug.xcconfig"; path = "Pods/Target Support Files/Pods-StockQuote/Pods-StockQuote.debug.xcconfig"; sourceTree = "<group>"; };
		8FE75AF64C15455187E7653E /* Pods-StockQuoteUITests.release.xcconfig */ = {isa = PBXFileReference; includeInIndex = 1; lastKnownFileType = text.xcconfig; name = "Pods-StockQuoteUITests.release.xcconfig"; path = "Pods/Target Support Files/Pods-StockQuoteUITests/Pods-StockQuoteUITests.release.xcconfig"; sourceTree = "<group>"; };
		CA5F4356377B93131ED03507 /* libPods-StockQuoteTests.a */ = {isa = PBXFileReference; explicitFileType = archive.ar; includeInIndex = 0; path = "libPods-StockQuoteTests.a"; sourceTree = BUILT_PRODUCTS_DIR; };
		D80AC6A053D3E372AD481FE8 /* Pods-StockQuoteTests.release.xcconfig */ = {isa = PBXFileReference; includeInIndex = 1; lastKnownFileType = text.xcconfig; name = "Pods-StockQuoteTests.release.xcconfig"; path = "Pods/Target Support Files/Pods-StockQuoteTests/Pods-StockQuoteTests.release.xcconfig"; sourceTree = "<group>"; };
		F703B2EE5B297925F72DEE1F /* Pods-StockQuote.release.xcconfig */ = {isa = PBXFileReference; includeInIndex = 1; lastKnownFileType = text.xcconfig; name = "Pods-StockQuote.release.xcconfig"; path = "Pods/Target Support Files/Pods-StockQuote/Pods-StockQuote.release.xcconfig"; sourceTree = "<group>"; };
		FF581B7E799B7B7C78B7639E /* libPods-StockQuoteUITests.a */ = {isa = PBXFileReference; explicitFileType = archive.ar; includeInIndex = 0; path = "libPods-StockQuoteUITests.a"; sourceTree = BUILT_PRODUCTS_DIR; };
/* End PBXFileReference section */

/* Begin PBXFrameworksBuildPhase section */
		17A08976237C887A00D3D549 /* Frameworks */ = {
			isa = PBXFrameworksBuildPhase;
			buildActionMask = 2147483647;
			files = (
				98295DC5FD9C95DD5B690709 /* Pods_StockQuote.framework in Frameworks */,
			);
			runOnlyForDeploymentPostprocessing = 0;
		};
		17A0898C237C887C00D3D549 /* Frameworks */ = {
			isa = PBXFrameworksBuildPhase;
			buildActionMask = 2147483647;
			files = (
				CB4B8CAA73393CCD9FD149BF /* libPods-StockQuoteTests.a in Frameworks */,
			);
			runOnlyForDeploymentPostprocessing = 0;
		};
		17A08997237C887C00D3D549 /* Frameworks */ = {
			isa = PBXFrameworksBuildPhase;
			buildActionMask = 2147483647;
			files = (
				9EFB6925383838A859557B7E /* libPods-StockQuoteUITests.a in Frameworks */,
			);
			runOnlyForDeploymentPostprocessing = 0;
		};
/* End PBXFrameworksBuildPhase section */

/* Begin PBXGroup section */
		0A10C54AD954E73C505685B8 /* Frameworks */ = {
			isa = PBXGroup;
			children = (
				60A507BE1B94D854788B3732 /* Pods_StockQuote.framework */,
				CA5F4356377B93131ED03507 /* libPods-StockQuoteTests.a */,
				FF581B7E799B7B7C78B7639E /* libPods-StockQuoteUITests.a */,
			);
			name = Frameworks;
			sourceTree = "<group>";
		};
		11ACEA3AFB8E758AFCC9F958 /* Pods */ = {
			isa = PBXGroup;
			children = (
				71283AB6DAAE9D543AD529FA /* Pods-StockQuote.debug.xcconfig */,
				F703B2EE5B297925F72DEE1F /* Pods-StockQuote.release.xcconfig */,
				38C40E29DA694FAAF685EB19 /* Pods-StockQuoteTests.debug.xcconfig */,
				D80AC6A053D3E372AD481FE8 /* Pods-StockQuoteTests.release.xcconfig */,
				34C51B6CDC341E95ED866019 /* Pods-StockQuoteUITests.debug.xcconfig */,
				8FE75AF64C15455187E7653E /* Pods-StockQuoteUITests.release.xcconfig */,
			);
			name = Pods;
			sourceTree = "<group>";
		};
		1776DFB2237DD210003171B1 /* Services */ = {
			isa = PBXGroup;
			children = (
				1776DFB3237DD26B003171B1 /* StockAPIService.swift */,
			);
			path = Services;
			sourceTree = "<group>";
		};
		17A08970237C887A00D3D549 = {
			isa = PBXGroup;
			children = (
				17A0897B237C887A00D3D549 /* StockQuote */,
				17A08992237C887C00D3D549 /* StockQuoteTests */,
				17A0899D237C887C00D3D549 /* StockQuoteUITests */,
				17A0897A237C887A00D3D549 /* Products */,
				11ACEA3AFB8E758AFCC9F958 /* Pods */,
				0A10C54AD954E73C505685B8 /* Frameworks */,
			);
			sourceTree = "<group>";
		};
		17A0897A237C887A00D3D549 /* Products */ = {
			isa = PBXGroup;
			children = (
				17A08979237C887A00D3D549 /* StockQuote.app */,
				17A0898F237C887C00D3D549 /* StockQuoteTests.xctest */,
				17A0899A237C887C00D3D549 /* StockQuoteUITests.xctest */,
			);
			name = Products;
			sourceTree = "<group>";
		};
		17A0897B237C887A00D3D549 /* StockQuote */ = {
			isa = PBXGroup;
			children = (
				1776DFB2237DD210003171B1 /* Services */,
				17A089AC237C8D0900D3D549 /* Modules */,
				17A089C9237D7CEA00D3D549 /* Extension */,
				17A0897C237C887A00D3D549 /* AppDelegate.swift */,
				17A0897E237C887A00D3D549 /* SceneDelegate.swift */,
				17A08980237C887A00D3D549 /* ViewController.swift */,
				17A08985237C887B00D3D549 /* Assets.xcassets */,
				17A08987237C887B00D3D549 /* LaunchScreen.storyboard */,
				17A0898A237C887B00D3D549 /* Info.plist */,
			);
			path = StockQuote;
			sourceTree = "<group>";
		};
		17A08992237C887C00D3D549 /* StockQuoteTests */ = {
			isa = PBXGroup;
			children = (
				17A089CD237D7D8100D3D549 /* Extension */,
				17A089C6237D74FE00D3D549 /* View */,
				17A089BF237D60FF00D3D549 /* Controller */,
				17A089B5237C8FA000D3D549 /* Model */,
				17A08995237C887C00D3D549 /* Info.plist */,
			);
			path = StockQuoteTests;
			sourceTree = "<group>";
		};
		17A0899D237C887C00D3D549 /* StockQuoteUITests */ = {
			isa = PBXGroup;
			children = (
				17A0899E237C887C00D3D549 /* StockQuoteUITests.swift */,
				17A089A0237C887C00D3D549 /* Info.plist */,
				1776DFBB237F12E9003171B1 /* DynamicStubs.swift */,
			);
			path = StockQuoteUITests;
			sourceTree = "<group>";
		};
		17A089AC237C8D0900D3D549 /* Modules */ = {
			isa = PBXGroup;
			children = (
				17A089AD237C8D3E00D3D549 /* Stock */,
			);
			path = Modules;
			sourceTree = "<group>";
		};
		17A089AD237C8D3E00D3D549 /* Stock */ = {
			isa = PBXGroup;
			children = (
				17A089B1237C8D6300D3D549 /* View */,
				17A089B0237C8D5D00D3D549 /* Model */,
				17A089AE237C8D5100D3D549 /* Controller */,
			);
			path = Stock;
			sourceTree = "<group>";
		};
		17A089AE237C8D5100D3D549 /* Controller */ = {
			isa = PBXGroup;
			children = (
				17A089BD237D60DA00D3D549 /* StockListTableViewController.swift */,
				1776DFB5237EDE82003171B1 /* StockDetailViewController.swift */,
			);
			path = Controller;
			sourceTree = "<group>";
		};
		17A089B0237C8D5D00D3D549 /* Model */ = {
			isa = PBXGroup;
			children = (
				17A089B9237C8FDE00D3D549 /* Stock.swift */,
			);
			path = Model;
			sourceTree = "<group>";
		};
		17A089B1237C8D6300D3D549 /* View */ = {
			isa = PBXGroup;
			children = (
				17A089C4237D6C2700D3D549 /* StockListTableViewCell.swift */,
				1776DFB7237EEC5F003171B1 /* StockDetailPriceView.swift */,
				1776DFB9237EF5BB003171B1 /* StockDetailPairedLabelView.swift */,
			);
			path = View;
			sourceTree = "<group>";
		};
		17A089B5237C8FA000D3D549 /* Model */ = {
			isa = PBXGroup;
			children = (
				17A089B3237C8F8F00D3D549 /* StockTests.swift */,
			);
			path = Model;
			sourceTree = "<group>";
		};
		17A089BF237D60FF00D3D549 /* Controller */ = {
			isa = PBXGroup;
			children = (
				17A089C2237D613F00D3D549 /* StockListTableViewControllerTests.swift */,
			);
			path = Controller;
			sourceTree = "<group>";
		};
		17A089C6237D74FE00D3D549 /* View */ = {
			isa = PBXGroup;
			children = (
				17A089C7237D751800D3D549 /* StockListTableViewCellTests.swift */,
			);
			path = View;
			sourceTree = "<group>";
		};
		17A089C9237D7CEA00D3D549 /* Extension */ = {
			isa = PBXGroup;
			children = (
				17A089CA237D7CF300D3D549 /* UIVIew */,
			);
			path = Extension;
			sourceTree = "<group>";
		};
		17A089CA237D7CF300D3D549 /* UIVIew */ = {
			isa = PBXGroup;
			children = (
				17A089CB237D7D0300D3D549 /* UIViewAnchor.swift */,
			);
			path = UIVIew;
			sourceTree = "<group>";
		};
		17A089CD237D7D8100D3D549 /* Extension */ = {
			isa = PBXGroup;
			children = (
				17A089CE237D7D9800D3D549 /* UIViewAnchorTests.swift */,
			);
			path = Extension;
			sourceTree = "<group>";
		};
/* End PBXGroup section */

/* Begin PBXNativeTarget section */
		17A08978237C887A00D3D549 /* StockQuote */ = {
			isa = PBXNativeTarget;
			buildConfigurationList = 17A089A3237C887C00D3D549 /* Build configuration list for PBXNativeTarget "StockQuote" */;
			buildPhases = (
				FB2FC7F2779795830C21E4E3 /* [CP] Check Pods Manifest.lock */,
				17A08975237C887A00D3D549 /* Sources */,
				17A08976237C887A00D3D549 /* Frameworks */,
				17A08977237C887A00D3D549 /* Resources */,
				742730FAFF7E4ABD5FD1D2F5 /* [CP] Embed Pods Frameworks */,
			);
			buildRules = (
			);
			dependencies = (
			);
			name = StockQuote;
			productName = StockQuote;
			productReference = 17A08979237C887A00D3D549 /* StockQuote.app */;
			productType = "com.apple.product-type.application";
		};
		17A0898E237C887C00D3D549 /* StockQuoteTests */ = {
			isa = PBXNativeTarget;
			buildConfigurationList = 17A089A6237C887C00D3D549 /* Build configuration list for PBXNativeTarget "StockQuoteTests" */;
			buildPhases = (
				8CF968D3E4AA424F0C77C882 /* [CP] Check Pods Manifest.lock */,
				17A0898B237C887C00D3D549 /* Sources */,
				17A0898C237C887C00D3D549 /* Frameworks */,
				17A0898D237C887C00D3D549 /* Resources */,
			);
			buildRules = (
			);
			dependencies = (
				17A08991237C887C00D3D549 /* PBXTargetDependency */,
			);
			name = StockQuoteTests;
			productName = StockQuoteTests;
			productReference = 17A0898F237C887C00D3D549 /* StockQuoteTests.xctest */;
			productType = "com.apple.product-type.bundle.unit-test";
		};
		17A08999237C887C00D3D549 /* StockQuoteUITests */ = {
			isa = PBXNativeTarget;
			buildConfigurationList = 17A089A9237C887C00D3D549 /* Build configuration list for PBXNativeTarget "StockQuoteUITests" */;
			buildPhases = (
				321035AD93670781E6F13255 /* [CP] Check Pods Manifest.lock */,
				17A08996237C887C00D3D549 /* Sources */,
				17A08997237C887C00D3D549 /* Frameworks */,
				17A08998237C887C00D3D549 /* Resources */,
			);
			buildRules = (
			);
			dependencies = (
				17A0899C237C887C00D3D549 /* PBXTargetDependency */,
			);
			name = StockQuoteUITests;
			productName = StockQuoteUITests;
			productReference = 17A0899A237C887C00D3D549 /* StockQuoteUITests.xctest */;
			productType = "com.apple.product-type.bundle.ui-testing";
		};
/* End PBXNativeTarget section */

/* Begin PBXProject section */
		17A08971237C887A00D3D549 /* Project object */ = {
			isa = PBXProject;
			attributes = {
				LastSwiftUpdateCheck = 1110;
				LastUpgradeCheck = 1110;
				ORGANIZATIONNAME = ErnestFan;
				TargetAttributes = {
					17A08978237C887A00D3D549 = {
						CreatedOnToolsVersion = 11.1;
					};
					17A0898E237C887C00D3D549 = {
						CreatedOnToolsVersion = 11.1;
						TestTargetID = 17A08978237C887A00D3D549;
					};
					17A08999237C887C00D3D549 = {
						CreatedOnToolsVersion = 11.1;
						TestTargetID = 17A08978237C887A00D3D549;
					};
				};
			};
			buildConfigurationList = 17A08974237C887A00D3D549 /* Build configuration list for PBXProject "StockQuote" */;
			compatibilityVersion = "Xcode 9.3";
			developmentRegion = en;
			hasScannedForEncodings = 0;
			knownRegions = (
				en,
				Base,
			);
			mainGroup = 17A08970237C887A00D3D549;
			productRefGroup = 17A0897A237C887A00D3D549 /* Products */;
			projectDirPath = "";
			projectRoot = "";
			targets = (
				17A08978237C887A00D3D549 /* StockQuote */,
				17A0898E237C887C00D3D549 /* StockQuoteTests */,
				17A08999237C887C00D3D549 /* StockQuoteUITests */,
			);
		};
/* End PBXProject section */

/* Begin PBXResourcesBuildPhase section */
		17A08977237C887A00D3D549 /* Resources */ = {
			isa = PBXResourcesBuildPhase;
			buildActionMask = 2147483647;
			files = (
				17A08989237C887B00D3D549 /* LaunchScreen.storyboard in Resources */,
				17A08986237C887B00D3D549 /* Assets.xcassets in Resources */,
			);
			runOnlyForDeploymentPostprocessing = 0;
		};
		17A0898D237C887C00D3D549 /* Resources */ = {
			isa = PBXResourcesBuildPhase;
			buildActionMask = 2147483647;
			files = (
			);
			runOnlyForDeploymentPostprocessing = 0;
		};
		17A08998237C887C00D3D549 /* Resources */ = {
			isa = PBXResourcesBuildPhase;
			buildActionMask = 2147483647;
			files = (
			);
			runOnlyForDeploymentPostprocessing = 0;
		};
/* End PBXResourcesBuildPhase section */

/* Begin PBXShellScriptBuildPhase section */
		321035AD93670781E6F13255 /* [CP] Check Pods Manifest.lock */ = {
			isa = PBXShellScriptBuildPhase;
			buildActionMask = 2147483647;
			files = (
			);
			inputPaths = (
				"${PODS_PODFILE_DIR_PATH}/Podfile.lock",
				"${PODS_ROOT}/Manifest.lock",
			);
			name = "[CP] Check Pods Manifest.lock";
			outputPaths = (
				"$(DERIVED_FILE_DIR)/Pods-StockQuoteUITests-checkManifestLockResult.txt",
			);
			runOnlyForDeploymentPostprocessing = 0;
			shellPath = /bin/sh;
			shellScript = "diff \"${PODS_PODFILE_DIR_PATH}/Podfile.lock\" \"${PODS_ROOT}/Manifest.lock\" > /dev/null\nif [ $? != 0 ] ; then\n    # print error to STDERR\n    echo \"error: The sandbox is not in sync with the Podfile.lock. Run 'pod install' or update your CocoaPods installation.\" >&2\n    exit 1\nfi\n# This output is used by Xcode 'outputs' to avoid re-running this script phase.\necho \"SUCCESS\" > \"${SCRIPT_OUTPUT_FILE_0}\"\n";
			showEnvVarsInLog = 0;
		};
		742730FAFF7E4ABD5FD1D2F5 /* [CP] Embed Pods Frameworks */ = {
			isa = PBXShellScriptBuildPhase;
			buildActionMask = 2147483647;
			files = (
			);
			inputPaths = (
				"${SRCROOT}/Pods/Target Support Files/Pods-StockQuote/Pods-StockQuote-frameworks.sh",
				"${BUILT_PRODUCTS_DIR}/Alamofire-framework/Alamofire.framework",
				"${BUILT_PRODUCTS_DIR}/Swifter-framework/Swifter.framework",
				"${BUILT_PRODUCTS_DIR}/SwiftyJSON-framework/SwiftyJSON.framework",
			);
			name = "[CP] Embed Pods Frameworks";
			outputPaths = (
				"${TARGET_BUILD_DIR}/${FRAMEWORKS_FOLDER_PATH}/Alamofire.framework",
				"${TARGET_BUILD_DIR}/${FRAMEWORKS_FOLDER_PATH}/Swifter.framework",
				"${TARGET_BUILD_DIR}/${FRAMEWORKS_FOLDER_PATH}/SwiftyJSON.framework",
			);
			runOnlyForDeploymentPostprocessing = 0;
			shellPath = /bin/sh;
			shellScript = "\"${SRCROOT}/Pods/Target Support Files/Pods-StockQuote/Pods-StockQuote-frameworks.sh\"\n";
			showEnvVarsInLog = 0;
		};
		8CF968D3E4AA424F0C77C882 /* [CP] Check Pods Manifest.lock */ = {
			isa = PBXShellScriptBuildPhase;
			buildActionMask = 2147483647;
			files = (
			);
			inputPaths = (
				"${PODS_PODFILE_DIR_PATH}/Podfile.lock",
				"${PODS_ROOT}/Manifest.lock",
			);
			name = "[CP] Check Pods Manifest.lock";
			outputPaths = (
				"$(DERIVED_FILE_DIR)/Pods-StockQuoteTests-checkManifestLockResult.txt",
			);
			runOnlyForDeploymentPostprocessing = 0;
			shellPath = /bin/sh;
			shellScript = "diff \"${PODS_PODFILE_DIR_PATH}/Podfile.lock\" \"${PODS_ROOT}/Manifest.lock\" > /dev/null\nif [ $? != 0 ] ; then\n    # print error to STDERR\n    echo \"error: The sandbox is not in sync with the Podfile.lock. Run 'pod install' or update your CocoaPods installation.\" >&2\n    exit 1\nfi\n# This output is used by Xcode 'outputs' to avoid re-running this script phase.\necho \"SUCCESS\" > \"${SCRIPT_OUTPUT_FILE_0}\"\n";
			showEnvVarsInLog = 0;
		};
		FB2FC7F2779795830C21E4E3 /* [CP] Check Pods Manifest.lock */ = {
			isa = PBXShellScriptBuildPhase;
			buildActionMask = 2147483647;
			files = (
			);
			inputPaths = (
				"${PODS_PODFILE_DIR_PATH}/Podfile.lock",
				"${PODS_ROOT}/Manifest.lock",
			);
			name = "[CP] Check Pods Manifest.lock";
			outputPaths = (
				"$(DERIVED_FILE_DIR)/Pods-StockQuote-checkManifestLockResult.txt",
			);
			runOnlyForDeploymentPostprocessing = 0;
			shellPath = /bin/sh;
			shellScript = "diff \"${PODS_PODFILE_DIR_PATH}/Podfile.lock\" \"${PODS_ROOT}/Manifest.lock\" > /dev/null\nif [ $? != 0 ] ; then\n    # print error to STDERR\n    echo \"error: The sandbox is not in sync with the Podfile.lock. Run 'pod install' or update your CocoaPods installation.\" >&2\n    exit 1\nfi\n# This output is used by Xcode 'outputs' to avoid re-running this script phase.\necho \"SUCCESS\" > \"${SCRIPT_OUTPUT_FILE_0}\"\n";
			showEnvVarsInLog = 0;
		};
/* End PBXShellScriptBuildPhase section */

/* Begin PBXSourcesBuildPhase section */
		17A08975237C887A00D3D549 /* Sources */ = {
			isa = PBXSourcesBuildPhase;
			buildActionMask = 2147483647;
			files = (
				1776DFB6237EDE82003171B1 /* StockDetailViewController.swift in Sources */,
				17A089C5237D6C2700D3D549 /* StockListTableViewCell.swift in Sources */,
				17A089CC237D7D0300D3D549 /* UIViewAnchor.swift in Sources */,
				17A08981237C887A00D3D549 /* ViewController.swift in Sources */,
				17A0897D237C887A00D3D549 /* AppDelegate.swift in Sources */,
				17A089BA237C8FDE00D3D549 /* Stock.swift in Sources */,
				17A089BE237D60DA00D3D549 /* StockListTableViewController.swift in Sources */,
				1776DFBA237EF5BB003171B1 /* StockDetailPairedLabelView.swift in Sources */,
				17A0897F237C887A00D3D549 /* SceneDelegate.swift in Sources */,
				1776DFB4237DD26B003171B1 /* StockAPIService.swift in Sources */,
				1776DFB8237EEC5F003171B1 /* StockDetailPriceView.swift in Sources */,
			);
			runOnlyForDeploymentPostprocessing = 0;
		};
		17A0898B237C887C00D3D549 /* Sources */ = {
			isa = PBXSourcesBuildPhase;
			buildActionMask = 2147483647;
			files = (
				17A089C3237D613F00D3D549 /* StockListTableViewControllerTests.swift in Sources */,
				17A089B4237C8F8F00D3D549 /* StockTests.swift in Sources */,
				17A089C8237D751800D3D549 /* StockListTableViewCellTests.swift in Sources */,
				17A089CF237D7D9800D3D549 /* UIViewAnchorTests.swift in Sources */,
			);
			runOnlyForDeploymentPostprocessing = 0;
		};
		17A08996237C887C00D3D549 /* Sources */ = {
			isa = PBXSourcesBuildPhase;
			buildActionMask = 2147483647;
			files = (
				17A0899F237C887C00D3D549 /* StockQuoteUITests.swift in Sources */,
				1776DFBC237F12E9003171B1 /* DynamicStubs.swift in Sources */,
			);
			runOnlyForDeploymentPostprocessing = 0;
		};
/* End PBXSourcesBuildPhase section */

/* Begin PBXTargetDependency section */
		17A08991237C887C00D3D549 /* PBXTargetDependency */ = {
			isa = PBXTargetDependency;
			target = 17A08978237C887A00D3D549 /* StockQuote */;
			targetProxy = 17A08990237C887C00D3D549 /* PBXContainerItemProxy */;
		};
		17A0899C237C887C00D3D549 /* PBXTargetDependency */ = {
			isa = PBXTargetDependency;
			target = 17A08978237C887A00D3D549 /* StockQuote */;
			targetProxy = 17A0899B237C887C00D3D549 /* PBXContainerItemProxy */;
		};
/* End PBXTargetDependency section */

/* Begin PBXVariantGroup section */
		17A08987237C887B00D3D549 /* LaunchScreen.storyboard */ = {
			isa = PBXVariantGroup;
			children = (
				17A08988237C887B00D3D549 /* Base */,
			);
			name = LaunchScreen.storyboard;
			sourceTree = "<group>";
		};
/* End PBXVariantGroup section */

/* Begin XCBuildConfiguration section */
		17A089A1237C887C00D3D549 /* Debug */ = {
			isa = XCBuildConfiguration;
			buildSettings = {
				ALWAYS_SEARCH_USER_PATHS = NO;
				CLANG_ANALYZER_NONNULL = YES;
				CLANG_ANALYZER_NUMBER_OBJECT_CONVERSION = YES_AGGRESSIVE;
				CLANG_CXX_LANGUAGE_STANDARD = "gnu++14";
				CLANG_CXX_LIBRARY = "libc++";
				CLANG_ENABLE_MODULES = YES;
				CLANG_ENABLE_OBJC_ARC = YES;
				CLANG_ENABLE_OBJC_WEAK = YES;
				CLANG_WARN_BLOCK_CAPTURE_AUTORELEASING = YES;
				CLANG_WARN_BOOL_CONVERSION = YES;
				CLANG_WARN_COMMA = YES;
				CLANG_WARN_CONSTANT_CONVERSION = YES;
				CLANG_WARN_DEPRECATED_OBJC_IMPLEMENTATIONS = YES;
				CLANG_WARN_DIRECT_OBJC_ISA_USAGE = YES_ERROR;
				CLANG_WARN_DOCUMENTATION_COMMENTS = YES;
				CLANG_WARN_EMPTY_BODY = YES;
				CLANG_WARN_ENUM_CONVERSION = YES;
				CLANG_WARN_INFINITE_RECURSION = YES;
				CLANG_WARN_INT_CONVERSION = YES;
				CLANG_WARN_NON_LITERAL_NULL_CONVERSION = YES;
				CLANG_WARN_OBJC_IMPLICIT_RETAIN_SELF = YES;
				CLANG_WARN_OBJC_LITERAL_CONVERSION = YES;
				CLANG_WARN_OBJC_ROOT_CLASS = YES_ERROR;
				CLANG_WARN_RANGE_LOOP_ANALYSIS = YES;
				CLANG_WARN_STRICT_PROTOTYPES = YES;
				CLANG_WARN_SUSPICIOUS_MOVE = YES;
				CLANG_WARN_UNGUARDED_AVAILABILITY = YES_AGGRESSIVE;
				CLANG_WARN_UNREACHABLE_CODE = YES;
				CLANG_WARN__DUPLICATE_METHOD_MATCH = YES;
				COPY_PHASE_STRIP = NO;
				DEBUG_INFORMATION_FORMAT = dwarf;
				ENABLE_STRICT_OBJC_MSGSEND = YES;
				ENABLE_TESTABILITY = YES;
				GCC_C_LANGUAGE_STANDARD = gnu11;
				GCC_DYNAMIC_NO_PIC = NO;
				GCC_NO_COMMON_BLOCKS = YES;
				GCC_OPTIMIZATION_LEVEL = 0;
				GCC_PREPROCESSOR_DEFINITIONS = (
					"DEBUG=1",
					"$(inherited)",
				);
				GCC_WARN_64_TO_32_BIT_CONVERSION = YES;
				GCC_WARN_ABOUT_RETURN_TYPE = YES_ERROR;
				GCC_WARN_UNDECLARED_SELECTOR = YES;
				GCC_WARN_UNINITIALIZED_AUTOS = YES_AGGRESSIVE;
				GCC_WARN_UNUSED_FUNCTION = YES;
				GCC_WARN_UNUSED_VARIABLE = YES;
				IPHONEOS_DEPLOYMENT_TARGET = 13.1;
				MTL_ENABLE_DEBUG_INFO = INCLUDE_SOURCE;
				MTL_FAST_MATH = YES;
				ONLY_ACTIVE_ARCH = YES;
				SDKROOT = iphoneos;
				SWIFT_ACTIVE_COMPILATION_CONDITIONS = DEBUG;
				SWIFT_OPTIMIZATION_LEVEL = "-Onone";
			};
			name = Debug;
		};
		17A089A2237C887C00D3D549 /* Release */ = {
			isa = XCBuildConfiguration;
			buildSettings = {
				ALWAYS_SEARCH_USER_PATHS = NO;
				CLANG_ANALYZER_NONNULL = YES;
				CLANG_ANALYZER_NUMBER_OBJECT_CONVERSION = YES_AGGRESSIVE;
				CLANG_CXX_LANGUAGE_STANDARD = "gnu++14";
				CLANG_CXX_LIBRARY = "libc++";
				CLANG_ENABLE_MODULES = YES;
				CLANG_ENABLE_OBJC_ARC = YES;
				CLANG_ENABLE_OBJC_WEAK = YES;
				CLANG_WARN_BLOCK_CAPTURE_AUTORELEASING = YES;
				CLANG_WARN_BOOL_CONVERSION = YES;
				CLANG_WARN_COMMA = YES;
				CLANG_WARN_CONSTANT_CONVERSION = YES;
				CLANG_WARN_DEPRECATED_OBJC_IMPLEMENTATIONS = YES;
				CLANG_WARN_DIRECT_OBJC_ISA_USAGE = YES_ERROR;
				CLANG_WARN_DOCUMENTATION_COMMENTS = YES;
				CLANG_WARN_EMPTY_BODY = YES;
				CLANG_WARN_ENUM_CONVERSION = YES;
				CLANG_WARN_INFINITE_RECURSION = YES;
				CLANG_WARN_INT_CONVERSION = YES;
				CLANG_WARN_NON_LITERAL_NULL_CONVERSION = YES;
				CLANG_WARN_OBJC_IMPLICIT_RETAIN_SELF = YES;
				CLANG_WARN_OBJC_LITERAL_CONVERSION = YES;
				CLANG_WARN_OBJC_ROOT_CLASS = YES_ERROR;
				CLANG_WARN_RANGE_LOOP_ANALYSIS = YES;
				CLANG_WARN_STRICT_PROTOTYPES = YES;
				CLANG_WARN_SUSPICIOUS_MOVE = YES;
				CLANG_WARN_UNGUARDED_AVAILABILITY = YES_AGGRESSIVE;
				CLANG_WARN_UNREACHABLE_CODE = YES;
				CLANG_WARN__DUPLICATE_METHOD_MATCH = YES;
				COPY_PHASE_STRIP = NO;
				DEBUG_INFORMATION_FORMAT = "dwarf-with-dsym";
				ENABLE_NS_ASSERTIONS = NO;
				ENABLE_STRICT_OBJC_MSGSEND = YES;
				GCC_C_LANGUAGE_STANDARD = gnu11;
				GCC_NO_COMMON_BLOCKS = YES;
				GCC_WARN_64_TO_32_BIT_CONVERSION = YES;
				GCC_WARN_ABOUT_RETURN_TYPE = YES_ERROR;
				GCC_WARN_UNDECLARED_SELECTOR = YES;
				GCC_WARN_UNINITIALIZED_AUTOS = YES_AGGRESSIVE;
				GCC_WARN_UNUSED_FUNCTION = YES;
				GCC_WARN_UNUSED_VARIABLE = YES;
				IPHONEOS_DEPLOYMENT_TARGET = 13.1;
				MTL_ENABLE_DEBUG_INFO = NO;
				MTL_FAST_MATH = YES;
				SDKROOT = iphoneos;
				SWIFT_COMPILATION_MODE = wholemodule;
				SWIFT_OPTIMIZATION_LEVEL = "-O";
				VALIDATE_PRODUCT = YES;
			};
			name = Release;
		};
		17A089A4237C887C00D3D549 /* Debug */ = {
			isa = XCBuildConfiguration;
			baseConfigurationReference = 71283AB6DAAE9D543AD529FA /* Pods-StockQuote.debug.xcconfig */;
			buildSettings = {
				ASSETCATALOG_COMPILER_APPICON_NAME = AppIcon;
				CODE_SIGN_STYLE = Automatic;
				DEVELOPMENT_TEAM = BAXBGFT8F4;
				INFOPLIST_FILE = StockQuote/Info.plist;
				LD_RUNPATH_SEARCH_PATHS = (
					"$(inherited)",
					"@executable_path/Frameworks",
				);
				PRODUCT_BUNDLE_IDENTIFIER = io.github.ernestfan.StockQuote;
				PRODUCT_NAME = "$(TARGET_NAME)";
				SWIFT_VERSION = 5.0;
				TARGETED_DEVICE_FAMILY = "1,2";
			};
			name = Debug;
		};
		17A089A5237C887C00D3D549 /* Release */ = {
			isa = XCBuildConfiguration;
			baseConfigurationReference = F703B2EE5B297925F72DEE1F /* Pods-StockQuote.release.xcconfig */;
			buildSettings = {
				ASSETCATALOG_COMPILER_APPICON_NAME = AppIcon;
				CODE_SIGN_STYLE = Automatic;
				DEVELOPMENT_TEAM = BAXBGFT8F4;
				INFOPLIST_FILE = StockQuote/Info.plist;
				LD_RUNPATH_SEARCH_PATHS = (
					"$(inherited)",
					"@executable_path/Frameworks",
				);
				PRODUCT_BUNDLE_IDENTIFIER = io.github.ernestfan.StockQuote;
				PRODUCT_NAME = "$(TARGET_NAME)";
				SWIFT_VERSION = 5.0;
				TARGETED_DEVICE_FAMILY = "1,2";
			};
			name = Release;
		};
		17A089A7237C887C00D3D549 /* Debug */ = {
			isa = XCBuildConfiguration;
			baseConfigurationReference = 38C40E29DA694FAAF685EB19 /* Pods-StockQuoteTests.debug.xcconfig */;
			buildSettings = {
				ALWAYS_EMBED_SWIFT_STANDARD_LIBRARIES = YES;
				BUNDLE_LOADER = "$(TEST_HOST)";
				CODE_SIGN_STYLE = Automatic;
				DEVELOPMENT_TEAM = BAXBGFT8F4;
				INFOPLIST_FILE = StockQuoteTests/Info.plist;
				IPHONEOS_DEPLOYMENT_TARGET = 13.1;
				LD_RUNPATH_SEARCH_PATHS = (
					"$(inherited)",
					"@executable_path/Frameworks",
					"@loader_path/Frameworks",
				);
				PRODUCT_BUNDLE_IDENTIFIER = io.github.ernestfan.StockQuoteTests;
				PRODUCT_NAME = "$(TARGET_NAME)";
				SWIFT_VERSION = 5.0;
				TARGETED_DEVICE_FAMILY = "1,2";
				TEST_HOST = "$(BUILT_PRODUCTS_DIR)/StockQuote.app/StockQuote";
			};
			name = Debug;
		};
		17A089A8237C887C00D3D549 /* Release */ = {
			isa = XCBuildConfiguration;
			baseConfigurationReference = D80AC6A053D3E372AD481FE8 /* Pods-StockQuoteTests.release.xcconfig */;
			buildSettings = {
				ALWAYS_EMBED_SWIFT_STANDARD_LIBRARIES = YES;
				BUNDLE_LOADER = "$(TEST_HOST)";
				CODE_SIGN_STYLE = Automatic;
				DEVELOPMENT_TEAM = BAXBGFT8F4;
				INFOPLIST_FILE = StockQuoteTests/Info.plist;
				IPHONEOS_DEPLOYMENT_TARGET = 13.1;
				LD_RUNPATH_SEARCH_PATHS = (
					"$(inherited)",
					"@executable_path/Frameworks",
					"@loader_path/Frameworks",
				);
				PRODUCT_BUNDLE_IDENTIFIER = io.github.ernestfan.StockQuoteTests;
				PRODUCT_NAME = "$(TARGET_NAME)";
				SWIFT_VERSION = 5.0;
				TARGETED_DEVICE_FAMILY = "1,2";
				TEST_HOST = "$(BUILT_PRODUCTS_DIR)/StockQuote.app/StockQuote";
			};
			name = Release;
		};
		17A089AA237C887C00D3D549 /* Debug */ = {
			isa = XCBuildConfiguration;
			baseConfigurationReference = 34C51B6CDC341E95ED866019 /* Pods-StockQuoteUITests.debug.xcconfig */;
			buildSettings = {
				ALWAYS_EMBED_SWIFT_STANDARD_LIBRARIES = YES;
				CODE_SIGN_STYLE = Automatic;
				DEVELOPMENT_TEAM = BAXBGFT8F4;
				INFOPLIST_FILE = StockQuoteUITests/Info.plist;
				LD_RUNPATH_SEARCH_PATHS = (
					"$(inherited)",
					"@executable_path/Frameworks",
					"@loader_path/Frameworks",
				);
				PRODUCT_BUNDLE_IDENTIFIER = io.github.ernestfan.StockQuoteUITests;
				PRODUCT_NAME = "$(TARGET_NAME)";
				SWIFT_VERSION = 5.0;
				TARGETED_DEVICE_FAMILY = "1,2";
				TEST_TARGET_NAME = StockQuote;
			};
			name = Debug;
		};
		17A089AB237C887C00D3D549 /* Release */ = {
			isa = XCBuildConfiguration;
			baseConfigurationReference = 8FE75AF64C15455187E7653E /* Pods-StockQuoteUITests.release.xcconfig */;
			buildSettings = {
				ALWAYS_EMBED_SWIFT_STANDARD_LIBRARIES = YES;
				CODE_SIGN_STYLE = Automatic;
				DEVELOPMENT_TEAM = BAXBGFT8F4;
				INFOPLIST_FILE = StockQuoteUITests/Info.plist;
				LD_RUNPATH_SEARCH_PATHS = (
					"$(inherited)",
					"@executable_path/Frameworks",
					"@loader_path/Frameworks",
				);
				PRODUCT_BUNDLE_IDENTIFIER = io.github.ernestfan.StockQuoteUITests;
				PRODUCT_NAME = "$(TARGET_NAME)";
				SWIFT_VERSION = 5.0;
				TARGETED_DEVICE_FAMILY = "1,2";
				TEST_TARGET_NAME = StockQuote;
			};
			name = Release;
		};
/* End XCBuildConfiguration section */

/* Begin XCConfigurationList section */
		17A08974237C887A00D3D549 /* Build configuration list for PBXProject "StockQuote" */ = {
			isa = XCConfigurationList;
			buildConfigurations = (
				17A089A1237C887C00D3D549 /* Debug */,
				17A089A2237C887C00D3D549 /* Release */,
			);
			defaultConfigurationIsVisible = 0;
			defaultConfigurationName = Release;
		};
		17A089A3237C887C00D3D549 /* Build configuration list for PBXNativeTarget "StockQuote" */ = {
			isa = XCConfigurationList;
			buildConfigurations = (
				17A089A4237C887C00D3D549 /* Debug */,
				17A089A5237C887C00D3D549 /* Release */,
			);
			defaultConfigurationIsVisible = 0;
			defaultConfigurationName = Release;
		};
		17A089A6237C887C00D3D549 /* Build configuration list for PBXNativeTarget "StockQuoteTests" */ = {
			isa = XCConfigurationList;
			buildConfigurations = (
				17A089A7237C887C00D3D549 /* Debug */,
				17A089A8237C887C00D3D549 /* Release */,
			);
			defaultConfigurationIsVisible = 0;
			defaultConfigurationName = Release;
		};
		17A089A9237C887C00D3D549 /* Build configuration list for PBXNativeTarget "StockQuoteUITests" */ = {
			isa = XCConfigurationList;
			buildConfigurations = (
				17A089AA237C887C00D3D549 /* Debug */,
				17A089AB237C887C00D3D549 /* Release */,
			);
			defaultConfigurationIsVisible = 0;
			defaultConfigurationName = Release;
		};
/* End XCConfigurationList section */
	};
	rootObject = 17A08971237C887A00D3D549 /* Project object */;
}
