PODS:
  - Alamofire (4.9.0)
  - SwiftyJSON (5.0.0)

DEPENDENCIES:
  - Alamofire
  - SwiftyJSON

SPEC REPOS:
  https://github.com/cocoapods/specs.git:
    - Alamofire
    - SwiftyJSON

SPEC CHECKSUMS:
  Alamofire: afc3e7c6db61476cb45cdd23fed06bad03bbc321
  SwiftyJSON: 36413e04c44ee145039d332b4f4e2d3e8d6c4db7

PODFILE CHECKSUM: 0bcd082c7ffec71685009e5c5e61d1e4ea048ffa

COCOAPODS: 1.5.2
